{
  "version": 4,
  "terraform_version": "1.8.4",
  "serial": 96,
  "lineage": "a9f64b5a-c24d-bd04-d4ae-45331a365166",
  "outputs": {},
  "resources": [
    {
      "mode": "managed",
      "type": "aws_instance",
      "name": "minecraft",
      "provider": "provider[\"registry.terraform.io/hashicorp/aws\"]",
      "instances": [
        {
          "schema_version": 1,
          "attributes": {
            "ami": "ami-05a6dba9ac2da60cb",
            "arn": "arn:aws:ec2:us-west-2:114589793041:instance/i-07eb793799498a79d",
            "associate_public_ip_address": true,
            "availability_zone": "us-west-2a",
            "capacity_reservation_specification": [
              {
                "capacity_reservation_preference": "open",
                "capacity_reservation_target": []
              }
            ],
            "cpu_core_count": 2,
            "cpu_options": [
              {
                "amd_sev_snp": "",
                "core_count": 2,
                "threads_per_core": 1
              }
            ],
            "cpu_threads_per_core": 1,
            "credit_specification": [
              {
                "cpu_credits": "unlimited"
              }
            ],
            "disable_api_stop": false,
            "disable_api_termination": false,
            "ebs_block_device": [],
            "ebs_optimized": false,
            "enclave_options": [
              {
                "enabled": false
              }
            ],
            "ephemeral_block_device": [],
            "get_password_data": false,
            "hibernation": false,
            "host_id": "",
            "host_resource_group_arn": null,
            "iam_instance_profile": "",
            "id": "i-07eb793799498a79d",
            "instance_initiated_shutdown_behavior": "stop",
            "instance_lifecycle": "",
            "instance_market_options": [],
            "instance_state": "running",
            "instance_type": "t4g.small",
            "ipv6_address_count": 0,
            "ipv6_addresses": [],
            "key_name": "minecraft-key",
            "launch_template": [],
            "maintenance_options": [
              {
                "auto_recovery": "default"
              }
            ],
            "metadata_options": [
              {
                "http_endpoint": "enabled",
                "http_protocol_ipv6": "disabled",
                "http_put_response_hop_limit": 2,
                "http_tokens": "required",
                "instance_metadata_tags": "disabled"
              }
            ],
            "monitoring": false,
            "network_interface": [],
            "outpost_arn": "",
            "password_data": "",
            "placement_group": "",
            "placement_partition_number": 0,
            "primary_network_interface_id": "eni-0ce9387372b76d908",
            "private_dns": "ip-10-0-1-249.us-west-2.compute.internal",
            "private_dns_name_options": [
              {
                "enable_resource_name_dns_a_record": false,
                "enable_resource_name_dns_aaaa_record": false,
                "hostname_type": "ip-name"
              }
            ],
            "private_ip": "10.0.1.249",
            "public_dns": "",
            "public_ip": "34.223.226.154",
            "root_block_device": [
              {
                "delete_on_termination": true,
                "device_name": "/dev/xvda",
                "encrypted": false,
                "iops": 3000,
                "kms_key_id": "",
                "tags": {},
                "tags_all": {},
                "throughput": 125,
                "volume_id": "vol-057e39f3647880e13",
                "volume_size": 8,
                "volume_type": "gp3"
              }
            ],
            "secondary_private_ips": [],
            "security_groups": [],
            "source_dest_check": true,
            "spot_instance_request_id": "",
            "subnet_id": "subnet-0380dc7d9ea10f39a",
            "tags": {
              "Name": "Minecraft3.0 Server"
            },
            "tags_all": {
              "Name": "Minecraft3.0 Server"
            },
            "tenancy": "default",
            "timeouts": null,
            "user_data": null,
            "user_data_base64": null,
            "user_data_replace_on_change": false,
            "volume_tags": null,
            "vpc_security_group_ids": [
              "sg-0ccf4fe58796bc622"
            ]
          },
          "sensitive_attributes": [],
          "private": "eyJlMmJmYjczMC1lY2FhLTExZTYtOGY4OC0zNDM2M2JjN2M0YzAiOnsiY3JlYXRlIjo2MDAwMDAwMDAwMDAsImRlbGV0ZSI6MTIwMDAwMDAwMDAwMCwicmVhZCI6OTAwMDAwMDAwMDAwLCJ1cGRhdGUiOjYwMDAwMDAwMDAwMH0sInNjaGVtYV92ZXJzaW9uIjoiMSJ9",
          "dependencies": [
            "aws_key_pair.minecraft_key",
            "aws_security_group.minecraft_sg",
            "aws_subnet.minecraft_subnet",
            "aws_vpc.minecraft_vpc",
            "tls_private_key.minecraft_key"
          ]
        }
      ]
    },
    {
      "mode": "managed",
      "type": "aws_internet_gateway",
      "name": "minecraft_igw",
      "provider": "provider[\"registry.terraform.io/hashicorp/aws\"]",
      "instances": [
        {
          "schema_version": 0,
          "attributes": {
            "arn": "arn:aws:ec2:us-west-2:114589793041:internet-gateway/igw-0b570dfb62eaac882",
            "id": "igw-0b570dfb62eaac882",
            "owner_id": "114589793041",
            "tags": {
              "Name": "MinecraftIGW"
            },
            "tags_all": {
              "Name": "MinecraftIGW"
            },
            "timeouts": null,
            "vpc_id": "vpc-09bc85e1646f830e6"
          },
          "sensitive_attributes": [],
          "private": "eyJlMmJmYjczMC1lY2FhLTExZTYtOGY4OC0zNDM2M2JjN2M0YzAiOnsiY3JlYXRlIjoxMjAwMDAwMDAwMDAwLCJkZWxldGUiOjEyMDAwMDAwMDAwMDAsInVwZGF0ZSI6MTIwMDAwMDAwMDAwMH19",
          "dependencies": [
            "aws_vpc.minecraft_vpc"
          ]
        }
      ]
    },
    {
      "mode": "managed",
      "type": "aws_key_pair",
      "name": "minecraft_key",
      "provider": "provider[\"registry.terraform.io/hashicorp/aws\"]",
      "instances": [
        {
          "schema_version": 1,
          "attributes": {
            "arn": "arn:aws:ec2:us-west-2:114589793041:key-pair/minecraft-key",
            "fingerprint": "24:93:b8:aa:5f:6f:67:c6:cd:2e:f0:42:39:da:b9:25",
            "id": "minecraft-key",
            "key_name": "minecraft-key",
            "key_name_prefix": "",
            "key_pair_id": "key-04242b5844a726e36",
            "key_type": "rsa",
            "public_key": "ssh-rsa AAAAB3NzaC1yc2EAAAADAQABAAABAQDoG08nGTc8XX2CGIEmdD6TKtY27eNYg4C4zAANY2tRf5j8zx46H+g7zbb+zbHfHenQ0HP7l9AZ843FuR+P+JBPXDJOIIqYG0xurdx7mCAv+DWCbIhXwNBvla30jwbc0DOfOEu9yEBT0U55fky/S75KrZ085w7TUx6XgKZ3YeD50GLerX5pZ7htXoK8Om0YhAbEgJDsa6wg1RjjoXz1EtLdP+WVQpcJcADaxaZJ39xSDO/4ZLRWsyLKhN0Ae88Mt4xmfbjt0EXuZ2avYyb8avys98OSVEmyJu6u5d3z37Rl8ttFcjMBcFwFzwJs3jGInIlwbNHKzCTG2Dt7ZILVz2N/",
            "tags": {},
            "tags_all": {}
          },
          "sensitive_attributes": [],
          "private": "eyJzY2hlbWFfdmVyc2lvbiI6IjEifQ==",
          "dependencies": [
            "tls_private_key.minecraft_key"
          ]
        }
      ]
    },
    {
      "mode": "managed",
      "type": "aws_route_table",
      "name": "minecraft_route_table",
      "provider": "provider[\"registry.terraform.io/hashicorp/aws\"]",
      "instances": [
        {
          "schema_version": 0,
          "attributes": {
            "arn": "arn:aws:ec2:us-west-2:114589793041:route-table/rtb-09909a0509838bf20",
            "id": "rtb-09909a0509838bf20",
            "owner_id": "114589793041",
            "propagating_vgws": [],
            "route": [
              {
                "carrier_gateway_id": "",
                "cidr_block": "0.0.0.0/0",
                "core_network_arn": "",
                "destination_prefix_list_id": "",
                "egress_only_gateway_id": "",
                "gateway_id": "igw-0b570dfb62eaac882",
                "ipv6_cidr_block": "",
                "local_gateway_id": "",
                "nat_gateway_id": "",
                "network_interface_id": "",
                "transit_gateway_id": "",
                "vpc_endpoint_id": "",
                "vpc_peering_connection_id": ""
              }
            ],
            "tags": {
              "Name": "MinecraftRouteTable"
            },
            "tags_all": {
              "Name": "MinecraftRouteTable"
            },
            "timeouts": null,
            "vpc_id": "vpc-09bc85e1646f830e6"
          },
          "sensitive_attributes": [],
          "private": "eyJlMmJmYjczMC1lY2FhLTExZTYtOGY4OC0zNDM2M2JjN2M0YzAiOnsiY3JlYXRlIjozMDAwMDAwMDAwMDAsImRlbGV0ZSI6MzAwMDAwMDAwMDAwLCJ1cGRhdGUiOjEyMDAwMDAwMDAwMH19",
          "dependencies": [
            "aws_internet_gateway.minecraft_igw",
            "aws_vpc.minecraft_vpc"
          ]
        }
      ]
    },
    {
      "mode": "managed",
      "type": "aws_route_table_association",
      "name": "minecraft_route_table_association",
      "provider": "provider[\"registry.terraform.io/hashicorp/aws\"]",
      "instances": [
        {
          "schema_version": 0,
          "attributes": {
            "gateway_id": "",
            "id": "rtbassoc-0284a47ea986cb40e",
            "route_table_id": "rtb-09909a0509838bf20",
            "subnet_id": "subnet-0380dc7d9ea10f39a",
            "timeouts": null
          },
          "sensitive_attributes": [],
          "private": "eyJlMmJmYjczMC1lY2FhLTExZTYtOGY4OC0zNDM2M2JjN2M0YzAiOnsiY3JlYXRlIjozMDAwMDAwMDAwMDAsImRlbGV0ZSI6MzAwMDAwMDAwMDAwLCJ1cGRhdGUiOjEyMDAwMDAwMDAwMH19",
          "dependencies": [
            "aws_internet_gateway.minecraft_igw",
            "aws_route_table.minecraft_route_table",
            "aws_subnet.minecraft_subnet",
            "aws_vpc.minecraft_vpc"
          ]
        }
      ]
    },
    {
      "mode": "managed",
      "type": "aws_security_group",
      "name": "minecraft_sg",
      "provider": "provider[\"registry.terraform.io/hashicorp/aws\"]",
      "instances": [
        {
          "schema_version": 1,
          "attributes": {
            "arn": "arn:aws:ec2:us-west-2:114589793041:security-group/sg-0ccf4fe58796bc622",
            "description": "Managed by Terraform",
            "egress": [
              {
                "cidr_blocks": [
                  "0.0.0.0/0"
                ],
                "description": "",
                "from_port": 0,
                "ipv6_cidr_blocks": [],
                "prefix_list_ids": [],
                "protocol": "-1",
                "security_groups": [],
                "self": false,
                "to_port": 0
              }
            ],
            "id": "sg-0ccf4fe58796bc622",
            "ingress": [
              {
                "cidr_blocks": [
                  "0.0.0.0/0"
                ],
                "description": "",
                "from_port": 22,
                "ipv6_cidr_blocks": [],
                "prefix_list_ids": [],
                "protocol": "tcp",
                "security_groups": [],
                "self": false,
                "to_port": 22
              },
              {
                "cidr_blocks": [
                  "0.0.0.0/0"
                ],
                "description": "",
                "from_port": 25565,
                "ipv6_cidr_blocks": [],
                "prefix_list_ids": [],
                "protocol": "tcp",
                "security_groups": [],
                "self": false,
                "to_port": 25565
              }
            ],
            "name": "terraform-20240608185713268100000001",
            "name_prefix": "terraform-",
            "owner_id": "114589793041",
            "revoke_rules_on_delete": false,
            "tags": {
              "Name": "MinecraftSecurityGroup"
            },
            "tags_all": {
              "Name": "MinecraftSecurityGroup"
            },
            "timeouts": null,
            "vpc_id": "vpc-09bc85e1646f830e6"
          },
          "sensitive_attributes": [],
          "private": "eyJlMmJmYjczMC1lY2FhLTExZTYtOGY4OC0zNDM2M2JjN2M0YzAiOnsiY3JlYXRlIjo2MDAwMDAwMDAwMDAsImRlbGV0ZSI6OTAwMDAwMDAwMDAwfSwic2NoZW1hX3ZlcnNpb24iOiIxIn0=",
          "dependencies": [
            "aws_vpc.minecraft_vpc"
          ]
        }
      ]
    },
    {
      "mode": "managed",
      "type": "aws_subnet",
      "name": "minecraft_subnet",
      "provider": "provider[\"registry.terraform.io/hashicorp/aws\"]",
      "instances": [
        {
          "schema_version": 1,
          "attributes": {
            "arn": "arn:aws:ec2:us-west-2:114589793041:subnet/subnet-0380dc7d9ea10f39a",
            "assign_ipv6_address_on_creation": false,
            "availability_zone": "us-west-2a",
            "availability_zone_id": "usw2-az1",
            "cidr_block": "10.0.1.0/24",
            "customer_owned_ipv4_pool": "",
            "enable_dns64": false,
            "enable_lni_at_device_index": 0,
            "enable_resource_name_dns_a_record_on_launch": false,
            "enable_resource_name_dns_aaaa_record_on_launch": false,
            "id": "subnet-0380dc7d9ea10f39a",
            "ipv6_cidr_block": "",
            "ipv6_cidr_block_association_id": "",
            "ipv6_native": false,
            "map_customer_owned_ip_on_launch": false,
            "map_public_ip_on_launch": false,
            "outpost_arn": "",
            "owner_id": "114589793041",
            "private_dns_hostname_type_on_launch": "ip-name",
            "tags": {
              "Name": "MinecraftSubnet"
            },
            "tags_all": {
              "Name": "MinecraftSubnet"
            },
            "timeouts": null,
            "vpc_id": "vpc-09bc85e1646f830e6"
          },
          "sensitive_attributes": [],
          "private": "eyJlMmJmYjczMC1lY2FhLTExZTYtOGY4OC0zNDM2M2JjN2M0YzAiOnsiY3JlYXRlIjo2MDAwMDAwMDAwMDAsImRlbGV0ZSI6MTIwMDAwMDAwMDAwMH0sInNjaGVtYV92ZXJzaW9uIjoiMSJ9",
          "dependencies": [
            "aws_vpc.minecraft_vpc"
          ]
        }
      ]
    },
    {
      "mode": "managed",
      "type": "aws_vpc",
      "name": "minecraft_vpc",
      "provider": "provider[\"registry.terraform.io/hashicorp/aws\"]",
      "instances": [
        {
          "schema_version": 1,
          "attributes": {
            "arn": "arn:aws:ec2:us-west-2:114589793041:vpc/vpc-09bc85e1646f830e6",
            "assign_generated_ipv6_cidr_block": false,
            "cidr_block": "10.0.0.0/16",
            "default_network_acl_id": "acl-0c21d9ff100552ccb",
            "default_route_table_id": "rtb-0f8c98e95038dded9",
            "default_security_group_id": "sg-0235e3ee163778569",
            "dhcp_options_id": "dopt-0ef212a224a60d81b",
            "enable_dns_hostnames": false,
            "enable_dns_support": true,
            "enable_network_address_usage_metrics": false,
            "id": "vpc-09bc85e1646f830e6",
            "instance_tenancy": "default",
            "ipv4_ipam_pool_id": null,
            "ipv4_netmask_length": null,
            "ipv6_association_id": "",
            "ipv6_cidr_block": "",
            "ipv6_cidr_block_network_border_group": "",
            "ipv6_ipam_pool_id": "",
            "ipv6_netmask_length": 0,
            "main_route_table_id": "rtb-0f8c98e95038dded9",
            "owner_id": "114589793041",
            "tags": {
              "Name": "MinecraftVPC"
            },
            "tags_all": {
              "Name": "MinecraftVPC"
            }
          },
          "sensitive_attributes": [],
          "private": "eyJzY2hlbWFfdmVyc2lvbiI6IjEifQ=="
        }
      ]
    },
    {
      "mode": "managed",
      "type": "local_file",
      "name": "private_key",
      "provider": "provider[\"registry.terraform.io/hashicorp/local\"]",
      "instances": [
        {
          "schema_version": 0,
          "attributes": {
            "content": "-----BEGIN RSA PRIVATE KEY-----\nMIIEpQIBAAKCAQEA6BtPJxk3PF19ghiBJnQ+kyrWNu3jWIOAuMwADWNrUX+Y/M8e\nOh/oO822/s2x3x3p0NBz+5fQGfONxbkfj/iQT1wyTiCKmBtMbq3ce5ggL/g1gmyI\nV8DQb5Wt9I8G3NAznzhLvchAU9FOeX5Mv0u+Sq2dPOcO01Mel4Cmd2Hg+dBi3q1+\naWe4bV6CvDptGIQGxICQ7GusINUY46F89RLS3T/llUKXCXAA2sWmSd/cUgzv+GS0\nVrMiyoTdAHvPDLeMZn247dBF7mdmr2Mm/Gr8rPfDklRJsiburuXd89+0ZfLbRXIz\nAXBcBc8CbN4xiJyJcGzRyswkxtg7e2SC1c9jfwIDAQABAoIBAB8ewj8Yx2olktVl\nmbNhNJ6gyLX2sVvFzfV5DKy+3r2/oPCMiJ38dzPFgjqps6aZqSbhPBvIoBNKr4CK\nMKwqBJdPYkNNY6e/SUExuHUt0Wr9GZeSG7nAVXIQnJFEuAPVOoankqgweEeEscPi\nZkHj0vDKVGG9DSTSaTChBDDPg82anK7OXuOamVoeux+XUeFEF+wG+9XE3LUI4BD/\nubpmwUj8f6lg2Bc2smHyf3B24UZIKaPAkEoFlEacK5e5GsBaQXAmr47DQ3SbpCkG\nvHzygVfPhMH2+dMyE2Bp/+HRD3MMt+rSDeRtJWNXy/6zEYMtnQ0Jp94tAte9Luzi\nAyzEW8ECgYEA/IO74ssx+Mt3pvTjj//MUwDMXDf7fCGwYdJ4VxD1hkBHuuCjJOzi\nrLPDnA+AqOLxFKhv8McdjD69dIs5+wW07crUDxuE4HYBVBrpv2rhAfJ5TbPhSjvX\nDNrHv+qPyzg9xqAR6xVYiustvZ3UQl/MWJnTMm/x3abCJQAk6z2iO2ECgYEA6092\npHJDAXu74Pv4sGNUlUH5JAwj5qPv6+P65ClDrYUsWyE4Lm6DFdhhAV9VY+/0nZR5\nJbmoV3crEcIt+WSWmNPjPZNmR9hGleV4OWaCIkh/M4vGWzMwuKXmdn4NtfU2NAlk\nzhllLD/5axOH5zpRrztENFnOrpZXGG513fWX6t8CgYEApgyaiNDF0604yXlQC2lS\nm2JzAFFv9njQ3ALjT52/VsD+ak09+xIrHRY5E26+VFCn58W7lsHZFFhNjU3gmslt\n6NDwEd8uycvPo9buzwkhXX5tdkNLat1e1P0pTXKZjDE3rl2kaspmpzNvqLkY02zb\nm4fL8ebbTb5S/LHTlT26aQECgYEAw/gl4saWL0IRMkomzx+qbbPH/dFuhMK7KUVw\nyVvkVTq3uh1sYJ8A5MyT3US8JMLOgf4I9vYr0MwaPmvtReoT0auFcN61K9he0K+O\n9J7+efbOmOsrgwCa7uybhstsN8HEJoo8PbjAnZ2Z5ycY4+WZ6cn9/2tbyeLDHkHA\nP94taxkCgYEAhF7CjJ1M+V9fX/7HGdbRcBKqwScBE0FutOiL2qb2etg3P+/EGvgc\nT/0wJzWsfKuDDXPfgevMb5cLzl450TjqW8aFWHQaqer4YSy+pKoB2MMDQwe+rzQT\nrFTa6DhxKywtj1U6vkUvBn9PqHNPOQ8LiSorGPajoci1IKVKWRPyF4U=\n-----END RSA PRIVATE KEY-----\n",
            "content_base64": null,
            "content_base64sha256": "D79txxnS2Ybqosdnu1NdDztnbzyB7Fzlia7XBkF5FQw=",
            "content_base64sha512": "v6n9514/U9eaFH5zcQhqCm5KxYTwfmX0MGIVOCBNn/CbgQTaAF8iyKWfmKVPrc48Ft00p6J601/g6IIJvGqfGQ==",
            "content_md5": "5ace4fd45c617aaa56c1c78621e6643b",
            "content_sha1": "82eeb3e3a5f064c0e96732509d9becb37ceeaa95",
            "content_sha256": "0fbf6dc719d2d986eaa2c767bb535d0f3b676f3c81ec5ce589aed7064179150c",
            "content_sha512": "bfa9fde75e3f53d79a147e7371086a0a6e4ac584f07e65f430621538204d9ff09b8104da005f22c8a59f98a54fadce3c16dd34a7a27ad35fe0e88209bc6a9f19",
            "directory_permission": "0777",
            "file_permission": "0777",
            "filename": "./minecraft-key.pem",
            "id": "82eeb3e3a5f064c0e96732509d9becb37ceeaa95",
            "sensitive_content": null,
            "source": null
          },
          "sensitive_attributes": [
            [
              {
                "type": "get_attr",
                "value": "sensitive_content"
              }
            ],
            [
              {
                "type": "get_attr",
                "value": "content"
              }
            ]
          ],
          "dependencies": [
            "tls_private_key.minecraft_key"
          ]
        }
      ]
    },
    {
      "mode": "managed",
      "type": "tls_private_key",
      "name": "minecraft_key",
      "provider": "provider[\"registry.terraform.io/hashicorp/tls\"]",
      "instances": [
        {
          "schema_version": 1,
          "attributes": {
            "algorithm": "RSA",
            "ecdsa_curve": "P224",
            "id": "d5aaa248af0a3341f4f0b67cad5002e859815607",
            "private_key_openssh": "-----BEGIN OPENSSH PRIVATE KEY-----\nb3BlbnNzaC1rZXktdjEAAAAABG5vbmUAAAAEbm9uZQAAAAAAAAABAAABFwAAAAdz\nc2gtcnNhAAAAAwEAAQAAAQEA6BtPJxk3PF19ghiBJnQ+kyrWNu3jWIOAuMwADWNr\nUX+Y/M8eOh/oO822/s2x3x3p0NBz+5fQGfONxbkfj/iQT1wyTiCKmBtMbq3ce5gg\nL/g1gmyIV8DQb5Wt9I8G3NAznzhLvchAU9FOeX5Mv0u+Sq2dPOcO01Mel4Cmd2Hg\n+dBi3q1+aWe4bV6CvDptGIQGxICQ7GusINUY46F89RLS3T/llUKXCXAA2sWmSd/c\nUgzv+GS0VrMiyoTdAHvPDLeMZn247dBF7mdmr2Mm/Gr8rPfDklRJsiburuXd89+0\nZfLbRXIzAXBcBc8CbN4xiJyJcGzRyswkxtg7e2SC1c9jfwAAA7jGqsf2xqrH9gAA\nAAdzc2gtcnNhAAABAQDoG08nGTc8XX2CGIEmdD6TKtY27eNYg4C4zAANY2tRf5j8\nzx46H+g7zbb+zbHfHenQ0HP7l9AZ843FuR+P+JBPXDJOIIqYG0xurdx7mCAv+DWC\nbIhXwNBvla30jwbc0DOfOEu9yEBT0U55fky/S75KrZ085w7TUx6XgKZ3YeD50GLe\nrX5pZ7htXoK8Om0YhAbEgJDsa6wg1RjjoXz1EtLdP+WVQpcJcADaxaZJ39xSDO/4\nZLRWsyLKhN0Ae88Mt4xmfbjt0EXuZ2avYyb8avys98OSVEmyJu6u5d3z37Rl8ttF\ncjMBcFwFzwJs3jGInIlwbNHKzCTG2Dt7ZILVz2N/AAAAAwEAAQAAAQAfHsI/GMdq\nJZLVZZmzYTSeoMi19rFbxc31eQysvt69v6DwjIid/HczxYI6qbOmmakm4TwbyKAT\nSq+AijCsKgSXT2JDTWOnv0lBMbh1LdFq/RmXkhu5wFVyEJyRRLgD1TqGp5KoMHhH\nhLHD4mZB49LwylRhvQ0k0mkwoQQwz4PNmpyuzl7jmplaHrsfl1HhRBfsBvvVxNy1\nCOAQ/7m6ZsFI/H+pYNgXNrJh8n9wduFGSCmjwJBKBZRGnCuXuRrAWkFwJq+Ow0N0\nm6QpBrx88oFXz4TB9vnTMhNgaf/h0Q9zDLfq0g3kbSVjV8v+sxGDLZ0NCafeLQLX\nvS7s4gMsxFvBAAAAgQCEXsKMnUz5X19f/scZ1tFwEqrBJwETQW606IvapvZ62Dc/\n78Qa+BxP/TAnNax8q4MNc9+B68xvlwvOXjnROOpbxoVYdBqp6vhhLL6kqgHYwwND\nB76vNBOsVNroOHErLC2PVTq+RS8Gf0+oc085DwuJKisY9qOhyLUgpUpZE/IXhQAA\nAIEA/IO74ssx+Mt3pvTjj//MUwDMXDf7fCGwYdJ4VxD1hkBHuuCjJOzirLPDnA+A\nqOLxFKhv8McdjD69dIs5+wW07crUDxuE4HYBVBrpv2rhAfJ5TbPhSjvXDNrHv+qP\nyzg9xqAR6xVYiustvZ3UQl/MWJnTMm/x3abCJQAk6z2iO2EAAACBAOtPdqRyQwF7\nu+D7+LBjVJVB+SQMI+aj7+vj+uQpQ62FLFshOC5ugxXYYQFfVWPv9J2UeSW5qFd3\nKxHCLflklpjT4z2TZkfYRpXleDlmgiJIfzOLxlszMLil5nZ+DbX1NjQJZM4ZZSw/\n+WsTh+c6Ua87RDRZzq6WVxhudd31l+rfAAAAAAEC\n-----END OPENSSH PRIVATE KEY-----\n",
            "private_key_pem": "-----BEGIN RSA PRIVATE KEY-----\nMIIEpQIBAAKCAQEA6BtPJxk3PF19ghiBJnQ+kyrWNu3jWIOAuMwADWNrUX+Y/M8e\nOh/oO822/s2x3x3p0NBz+5fQGfONxbkfj/iQT1wyTiCKmBtMbq3ce5ggL/g1gmyI\nV8DQb5Wt9I8G3NAznzhLvchAU9FOeX5Mv0u+Sq2dPOcO01Mel4Cmd2Hg+dBi3q1+\naWe4bV6CvDptGIQGxICQ7GusINUY46F89RLS3T/llUKXCXAA2sWmSd/cUgzv+GS0\nVrMiyoTdAHvPDLeMZn247dBF7mdmr2Mm/Gr8rPfDklRJsiburuXd89+0ZfLbRXIz\nAXBcBc8CbN4xiJyJcGzRyswkxtg7e2SC1c9jfwIDAQABAoIBAB8ewj8Yx2olktVl\nmbNhNJ6gyLX2sVvFzfV5DKy+3r2/oPCMiJ38dzPFgjqps6aZqSbhPBvIoBNKr4CK\nMKwqBJdPYkNNY6e/SUExuHUt0Wr9GZeSG7nAVXIQnJFEuAPVOoankqgweEeEscPi\nZkHj0vDKVGG9DSTSaTChBDDPg82anK7OXuOamVoeux+XUeFEF+wG+9XE3LUI4BD/\nubpmwUj8f6lg2Bc2smHyf3B24UZIKaPAkEoFlEacK5e5GsBaQXAmr47DQ3SbpCkG\nvHzygVfPhMH2+dMyE2Bp/+HRD3MMt+rSDeRtJWNXy/6zEYMtnQ0Jp94tAte9Luzi\nAyzEW8ECgYEA/IO74ssx+Mt3pvTjj//MUwDMXDf7fCGwYdJ4VxD1hkBHuuCjJOzi\nrLPDnA+AqOLxFKhv8McdjD69dIs5+wW07crUDxuE4HYBVBrpv2rhAfJ5TbPhSjvX\nDNrHv+qPyzg9xqAR6xVYiustvZ3UQl/MWJnTMm/x3abCJQAk6z2iO2ECgYEA6092\npHJDAXu74Pv4sGNUlUH5JAwj5qPv6+P65ClDrYUsWyE4Lm6DFdhhAV9VY+/0nZR5\nJbmoV3crEcIt+WSWmNPjPZNmR9hGleV4OWaCIkh/M4vGWzMwuKXmdn4NtfU2NAlk\nzhllLD/5axOH5zpRrztENFnOrpZXGG513fWX6t8CgYEApgyaiNDF0604yXlQC2lS\nm2JzAFFv9njQ3ALjT52/VsD+ak09+xIrHRY5E26+VFCn58W7lsHZFFhNjU3gmslt\n6NDwEd8uycvPo9buzwkhXX5tdkNLat1e1P0pTXKZjDE3rl2kaspmpzNvqLkY02zb\nm4fL8ebbTb5S/LHTlT26aQECgYEAw/gl4saWL0IRMkomzx+qbbPH/dFuhMK7KUVw\nyVvkVTq3uh1sYJ8A5MyT3US8JMLOgf4I9vYr0MwaPmvtReoT0auFcN61K9he0K+O\n9J7+efbOmOsrgwCa7uybhstsN8HEJoo8PbjAnZ2Z5ycY4+WZ6cn9/2tbyeLDHkHA\nP94taxkCgYEAhF7CjJ1M+V9fX/7HGdbRcBKqwScBE0FutOiL2qb2etg3P+/EGvgc\nT/0wJzWsfKuDDXPfgevMb5cLzl450TjqW8aFWHQaqer4YSy+pKoB2MMDQwe+rzQT\nrFTa6DhxKywtj1U6vkUvBn9PqHNPOQ8LiSorGPajoci1IKVKWRPyF4U=\n-----END RSA PRIVATE KEY-----\n",
            "private_key_pem_pkcs8": "-----BEGIN PRIVATE KEY-----\nMIIEvwIBADANBgkqhkiG9w0BAQEFAASCBKkwggSlAgEAAoIBAQDoG08nGTc8XX2C\nGIEmdD6TKtY27eNYg4C4zAANY2tRf5j8zx46H+g7zbb+zbHfHenQ0HP7l9AZ843F\nuR+P+JBPXDJOIIqYG0xurdx7mCAv+DWCbIhXwNBvla30jwbc0DOfOEu9yEBT0U55\nfky/S75KrZ085w7TUx6XgKZ3YeD50GLerX5pZ7htXoK8Om0YhAbEgJDsa6wg1Rjj\noXz1EtLdP+WVQpcJcADaxaZJ39xSDO/4ZLRWsyLKhN0Ae88Mt4xmfbjt0EXuZ2av\nYyb8avys98OSVEmyJu6u5d3z37Rl8ttFcjMBcFwFzwJs3jGInIlwbNHKzCTG2Dt7\nZILVz2N/AgMBAAECggEAHx7CPxjHaiWS1WWZs2E0nqDItfaxW8XN9XkMrL7evb+g\n8IyInfx3M8WCOqmzppmpJuE8G8igE0qvgIowrCoEl09iQ01jp79JQTG4dS3Rav0Z\nl5IbucBVchCckUS4A9U6hqeSqDB4R4Sxw+JmQePS8MpUYb0NJNJpMKEEMM+DzZqc\nrs5e45qZWh67H5dR4UQX7Ab71cTctQjgEP+5umbBSPx/qWDYFzayYfJ/cHbhRkgp\no8CQSgWURpwrl7kawFpBcCavjsNDdJukKQa8fPKBV8+Ewfb50zITYGn/4dEPcwy3\n6tIN5G0lY1fL/rMRgy2dDQmn3i0C170u7OIDLMRbwQKBgQD8g7viyzH4y3em9OOP\n/8xTAMxcN/t8IbBh0nhXEPWGQEe64KMk7OKss8OcD4Co4vEUqG/wxx2MPr10izn7\nBbTtytQPG4TgdgFUGum/auEB8nlNs+FKO9cM2se/6o/LOD3GoBHrFViK6y29ndRC\nX8xYmdMyb/HdpsIlACTrPaI7YQKBgQDrT3akckMBe7vg+/iwY1SVQfkkDCPmo+/r\n4/rkKUOthSxbITguboMV2GEBX1Vj7/SdlHkluahXdysRwi35ZJaY0+M9k2ZH2EaV\n5Xg5ZoIiSH8zi8ZbMzC4peZ2fg219TY0CWTOGWUsP/lrE4fnOlGvO0Q0Wc6ullcY\nbnXd9Zfq3wKBgQCmDJqI0MXTrTjJeVALaVKbYnMAUW/2eNDcAuNPnb9WwP5qTT37\nEisdFjkTbr5UUKfnxbuWwdkUWE2NTeCayW3o0PAR3y7Jy8+j1u7PCSFdfm12Q0tq\n3V7U/SlNcpmMMTeuXaRqymanM2+ouRjTbNubh8vx5ttNvlL8sdOVPbppAQKBgQDD\n+CXixpYvQhEySibPH6pts8f90W6EwrspRXDJW+RVOre6HWxgnwDkzJPdRLwkws6B\n/gj29ivQzBo+a+1F6hPRq4Vw3rUr2F7Qr470nv559s6Y6yuDAJru7JuGy2w3wcQm\nijw9uMCdnZnnJxjj5Znpyf3/a1vJ4sMeQcA/3i1rGQKBgQCEXsKMnUz5X19f/scZ\n1tFwEqrBJwETQW606IvapvZ62Dc/78Qa+BxP/TAnNax8q4MNc9+B68xvlwvOXjnR\nOOpbxoVYdBqp6vhhLL6kqgHYwwNDB76vNBOsVNroOHErLC2PVTq+RS8Gf0+oc085\nDwuJKisY9qOhyLUgpUpZE/IXhQ==\n-----END PRIVATE KEY-----\n",
            "public_key_fingerprint_md5": "dc:69:b4:bc:51:aa:92:5a:6a:7c:60:f0:3c:6a:f5:1e",
            "public_key_fingerprint_sha256": "SHA256:f3ZDGLRBeePMd5oblal/Y9VGLLQ3WGMQQpAL+OkSob4",
            "public_key_openssh": "ssh-rsa AAAAB3NzaC1yc2EAAAADAQABAAABAQDoG08nGTc8XX2CGIEmdD6TKtY27eNYg4C4zAANY2tRf5j8zx46H+g7zbb+zbHfHenQ0HP7l9AZ843FuR+P+JBPXDJOIIqYG0xurdx7mCAv+DWCbIhXwNBvla30jwbc0DOfOEu9yEBT0U55fky/S75KrZ085w7TUx6XgKZ3YeD50GLerX5pZ7htXoK8Om0YhAbEgJDsa6wg1RjjoXz1EtLdP+WVQpcJcADaxaZJ39xSDO/4ZLRWsyLKhN0Ae88Mt4xmfbjt0EXuZ2avYyb8avys98OSVEmyJu6u5d3z37Rl8ttFcjMBcFwFzwJs3jGInIlwbNHKzCTG2Dt7ZILVz2N/\n",
            "public_key_pem": "-----BEGIN PUBLIC KEY-----\nMIIBIjANBgkqhkiG9w0BAQEFAAOCAQ8AMIIBCgKCAQEA6BtPJxk3PF19ghiBJnQ+\nkyrWNu3jWIOAuMwADWNrUX+Y/M8eOh/oO822/s2x3x3p0NBz+5fQGfONxbkfj/iQ\nT1wyTiCKmBtMbq3ce5ggL/g1gmyIV8DQb5Wt9I8G3NAznzhLvchAU9FOeX5Mv0u+\nSq2dPOcO01Mel4Cmd2Hg+dBi3q1+aWe4bV6CvDptGIQGxICQ7GusINUY46F89RLS\n3T/llUKXCXAA2sWmSd/cUgzv+GS0VrMiyoTdAHvPDLeMZn247dBF7mdmr2Mm/Gr8\nrPfDklRJsiburuXd89+0ZfLbRXIzAXBcBc8CbN4xiJyJcGzRyswkxtg7e2SC1c9j\nfwIDAQAB\n-----END PUBLIC KEY-----\n",
            "rsa_bits": 2048
          },
          "sensitive_attributes": [
            [
              {
                "type": "get_attr",
                "value": "private_key_pem"
              }
            ],
            [
              {
                "type": "get_attr",
                "value": "private_key_pem_pkcs8"
              }
            ],
            [
              {
                "type": "get_attr",
                "value": "private_key_openssh"
              }
            ]
          ]
        }
      ]
    }
  ],
  "check_results": null
}
